// !$*UTF8*$!
{
	archiveVersion = 1;
	classes = {
	};
	objectVersion = 55;
	objects = {

/* Begin PBXBuildFile section */
		F0388E6F28AE21760077D651 /* Binding+onChange.swift in Sources */ = {isa = PBXBuildFile; fileRef = F0388E6E28AE21760077D651 /* Binding+onChange.swift */; };
		F057CAD028B01F640013528F /* RichTextKit in Frameworks */ = {isa = PBXBuildFile; productRef = F057CACF28B01F640013528F /* RichTextKit */; };
		F06EC71528AF21B6005049ED /* SpaceDirectoryView.swift in Sources */ = {isa = PBXBuildFile; fileRef = F06EC71428AF21B6005049ED /* SpaceDirectoryView.swift */; };
		F06EC71828AF55FD005049ED /* NSAttributedString+asHTML.swift in Sources */ = {isa = PBXBuildFile; fileRef = F06EC71728AF55FD005049ED /* NSAttributedString+asHTML.swift */; };
		F086C30D28A5F8E200C0788A /* Space.swift in Sources */ = {isa = PBXBuildFile; fileRef = F086C30C28A5F8E200C0788A /* Space.swift */; };
		F086C30F28A5F8E200C0788A /* ContentView.swift in Sources */ = {isa = PBXBuildFile; fileRef = F086C30E28A5F8E200C0788A /* ContentView.swift */; };
		F086C31128A5F8E300C0788A /* Assets.xcassets in Resources */ = {isa = PBXBuildFile; fileRef = F086C31028A5F8E300C0788A /* Assets.xcassets */; };
		F086C31428A5F8E300C0788A /* Preview Assets.xcassets in Resources */ = {isa = PBXBuildFile; fileRef = F086C31328A5F8E300C0788A /* Preview Assets.xcassets */; };
		F086C31F28A5F8E300C0788A /* SpaceTests.swift in Sources */ = {isa = PBXBuildFile; fileRef = F086C31E28A5F8E300C0788A /* SpaceTests.swift */; };
		F086C32928A5F8E300C0788A /* SpaceUITests.swift in Sources */ = {isa = PBXBuildFile; fileRef = F086C32828A5F8E300C0788A /* SpaceUITests.swift */; };
		F086C32B28A5F8E300C0788A /* SpaceUITestsLaunchTests.swift in Sources */ = {isa = PBXBuildFile; fileRef = F086C32A28A5F8E300C0788A /* SpaceUITestsLaunchTests.swift */; };
		F0967C8628AB930500C9792C /* QuicklookDetailView.swift in Sources */ = {isa = PBXBuildFile; fileRef = F0967C8528AB930500C9792C /* QuicklookDetailView.swift */; };
		F0967C8828AB93DA00C9792C /* SpaceFileTree.swift in Sources */ = {isa = PBXBuildFile; fileRef = F0967C8728AB93DA00C9792C /* SpaceFileTree.swift */; };
		F0967C8D28AB955900C9792C /* SpaceFile.swift in Sources */ = {isa = PBXBuildFile; fileRef = F0967C8C28AB955900C9792C /* SpaceFile.swift */; };
		F0967C8F28AB965000C9792C /* WebView.swift in Sources */ = {isa = PBXBuildFile; fileRef = F0967C8E28AB965000C9792C /* WebView.swift */; };
		F0967C9128AC17F000C9792C /* MainView.swift in Sources */ = {isa = PBXBuildFile; fileRef = F0967C9028AC17F000C9792C /* MainView.swift */; };
		F0967C9A28AC2D8000C9792C /* DetailView.swift in Sources */ = {isa = PBXBuildFile; fileRef = F0967C9928AC2D8000C9792C /* DetailView.swift */; };
		F0967C9F28AC3D3800C9792C /* Terminology.sdef in Resources */ = {isa = PBXBuildFile; fileRef = F0967C9E28AC3D3800C9792C /* Terminology.sdef */; };
		F0967CA128AC3DDB00C9792C /* Scripts.swift in Sources */ = {isa = PBXBuildFile; fileRef = F0967CA028AC3DDB00C9792C /* Scripts.swift */; };
		F0C8D79428AC5EF0002E864D /* RichTextEditorView.swift in Sources */ = {isa = PBXBuildFile; fileRef = F0C8D79328AC5EF0002E864D /* RichTextEditorView.swift */; };
		F0C8D7A128ACF048002E864D /* View+DoubleClick.swift in Sources */ = {isa = PBXBuildFile; fileRef = F0C8D7A028ACF048002E864D /* View+DoubleClick.swift */; };
/* End PBXBuildFile section */

/* Begin PBXContainerItemProxy section */
		F086C31B28A5F8E300C0788A /* PBXContainerItemProxy */ = {
			isa = PBXContainerItemProxy;
			containerPortal = F086C30128A5F8E200C0788A /* Project object */;
			proxyType = 1;
			remoteGlobalIDString = F086C30828A5F8E200C0788A;
			remoteInfo = Space;
		};
		F086C32528A5F8E300C0788A /* PBXContainerItemProxy */ = {
			isa = PBXContainerItemProxy;
			containerPortal = F086C30128A5F8E200C0788A /* Project object */;
			proxyType = 1;
			remoteGlobalIDString = F086C30828A5F8E200C0788A;
			remoteInfo = Space;
		};
/* End PBXContainerItemProxy section */

/* Begin PBXFileReference section */
		F0388E6E28AE21760077D651 /* Binding+onChange.swift */ = {isa = PBXFileReference; lastKnownFileType = sourcecode.swift; path = "Binding+onChange.swift"; sourceTree = "<group>"; };
		F06EC71428AF21B6005049ED /* SpaceDirectoryView.swift */ = {isa = PBXFileReference; lastKnownFileType = sourcecode.swift; path = SpaceDirectoryView.swift; sourceTree = "<group>"; };
		F06EC71728AF55FD005049ED /* NSAttributedString+asHTML.swift */ = {isa = PBXFileReference; lastKnownFileType = sourcecode.swift; path = "NSAttributedString+asHTML.swift"; sourceTree = "<group>"; };
		F086C30928A5F8E200C0788A /* Space.app */ = {isa = PBXFileReference; explicitFileType = wrapper.application; includeInIndex = 0; path = Space.app; sourceTree = BUILT_PRODUCTS_DIR; };
		F086C30C28A5F8E200C0788A /* Space.swift */ = {isa = PBXFileReference; lastKnownFileType = sourcecode.swift; path = Space.swift; sourceTree = "<group>"; };
		F086C30E28A5F8E200C0788A /* ContentView.swift */ = {isa = PBXFileReference; lastKnownFileType = sourcecode.swift; path = ContentView.swift; sourceTree = "<group>"; };
		F086C31028A5F8E300C0788A /* Assets.xcassets */ = {isa = PBXFileReference; lastKnownFileType = folder.assetcatalog; path = Assets.xcassets; sourceTree = "<group>"; };
		F086C31328A5F8E300C0788A /* Preview Assets.xcassets */ = {isa = PBXFileReference; lastKnownFileType = folder.assetcatalog; path = "Preview Assets.xcassets"; sourceTree = "<group>"; };
		F086C31528A5F8E300C0788A /* Space.entitlements */ = {isa = PBXFileReference; lastKnownFileType = text.plist.entitlements; path = Space.entitlements; sourceTree = "<group>"; };
		F086C31A28A5F8E300C0788A /* SpaceTests.xctest */ = {isa = PBXFileReference; explicitFileType = wrapper.cfbundle; includeInIndex = 0; path = SpaceTests.xctest; sourceTree = BUILT_PRODUCTS_DIR; };
		F086C31E28A5F8E300C0788A /* SpaceTests.swift */ = {isa = PBXFileReference; lastKnownFileType = sourcecode.swift; path = SpaceTests.swift; sourceTree = "<group>"; };
		F086C32428A5F8E300C0788A /* SpaceUITests.xctest */ = {isa = PBXFileReference; explicitFileType = wrapper.cfbundle; includeInIndex = 0; path = SpaceUITests.xctest; sourceTree = BUILT_PRODUCTS_DIR; };
		F086C32828A5F8E300C0788A /* SpaceUITests.swift */ = {isa = PBXFileReference; lastKnownFileType = sourcecode.swift; path = SpaceUITests.swift; sourceTree = "<group>"; };
		F086C32A28A5F8E300C0788A /* SpaceUITestsLaunchTests.swift */ = {isa = PBXFileReference; lastKnownFileType = sourcecode.swift; path = SpaceUITestsLaunchTests.swift; sourceTree = "<group>"; };
		F0967C8528AB930500C9792C /* QuicklookDetailView.swift */ = {isa = PBXFileReference; lastKnownFileType = sourcecode.swift; path = QuicklookDetailView.swift; sourceTree = "<group>"; };
		F0967C8728AB93DA00C9792C /* SpaceFileTree.swift */ = {isa = PBXFileReference; lastKnownFileType = sourcecode.swift; path = SpaceFileTree.swift; sourceTree = "<group>"; };
		F0967C8C28AB955900C9792C /* SpaceFile.swift */ = {isa = PBXFileReference; lastKnownFileType = sourcecode.swift; path = SpaceFile.swift; sourceTree = "<group>"; };
		F0967C8E28AB965000C9792C /* WebView.swift */ = {isa = PBXFileReference; lastKnownFileType = sourcecode.swift; path = WebView.swift; sourceTree = "<group>"; };
		F0967C9028AC17F000C9792C /* MainView.swift */ = {isa = PBXFileReference; lastKnownFileType = sourcecode.swift; path = MainView.swift; sourceTree = "<group>"; };
		F0967C9928AC2D8000C9792C /* DetailView.swift */ = {isa = PBXFileReference; lastKnownFileType = sourcecode.swift; path = DetailView.swift; sourceTree = "<group>"; };
		F0967C9B28AC3BEA00C9792C /* Info.plist */ = {isa = PBXFileReference; lastKnownFileType = text.plist; path = Info.plist; sourceTree = "<group>"; };
		F0967C9E28AC3D3800C9792C /* Terminology.sdef */ = {isa = PBXFileReference; lastKnownFileType = text.xml; path = Terminology.sdef; sourceTree = "<group>"; };
		F0967CA028AC3DDB00C9792C /* Scripts.swift */ = {isa = PBXFileReference; lastKnownFileType = sourcecode.swift; path = Scripts.swift; sourceTree = "<group>"; };
		F0C8D79328AC5EF0002E864D /* RichTextEditorView.swift */ = {isa = PBXFileReference; lastKnownFileType = sourcecode.swift; path = RichTextEditorView.swift; sourceTree = "<group>"; };
		F0C8D7A028ACF048002E864D /* View+DoubleClick.swift */ = {isa = PBXFileReference; lastKnownFileType = sourcecode.swift; path = "View+DoubleClick.swift"; sourceTree = "<group>"; };
/* End PBXFileReference section */

/* Begin PBXFrameworksBuildPhase section */
		F086C30628A5F8E200C0788A /* Frameworks */ = {
			isa = PBXFrameworksBuildPhase;
			buildActionMask = 2147483647;
			files = (
				F057CAD028B01F640013528F /* RichTextKit in Frameworks */,
			);
			runOnlyForDeploymentPostprocessing = 0;
		};
		F086C31728A5F8E300C0788A /* Frameworks */ = {
			isa = PBXFrameworksBuildPhase;
			buildActionMask = 2147483647;
			files = (
			);
			runOnlyForDeploymentPostprocessing = 0;
		};
		F086C32128A5F8E300C0788A /* Frameworks */ = {
			isa = PBXFrameworksBuildPhase;
			buildActionMask = 2147483647;
			files = (
			);
			runOnlyForDeploymentPostprocessing = 0;
		};
/* End PBXFrameworksBuildPhase section */

/* Begin PBXGroup section */
		F06EC71628AF3E49005049ED /* Extensions */ = {
			isa = PBXGroup;
			children = (
				F0388E6E28AE21760077D651 /* Binding+onChange.swift */,
				F0C8D7A028ACF048002E864D /* View+DoubleClick.swift */,
				F06EC71728AF55FD005049ED /* NSAttributedString+asHTML.swift */,
			);
			path = Extensions;
			sourceTree = "<group>";
		};
		F086C30028A5F8E200C0788A = {
			isa = PBXGroup;
			children = (
				F086C30B28A5F8E200C0788A /* Space */,
				F086C31D28A5F8E300C0788A /* SpaceTests */,
				F086C32728A5F8E300C0788A /* SpaceUITests */,
				F086C30A28A5F8E200C0788A /* Products */,
			);
			sourceTree = "<group>";
		};
		F086C30A28A5F8E200C0788A /* Products */ = {
			isa = PBXGroup;
			children = (
				F086C30928A5F8E200C0788A /* Space.app */,
				F086C31A28A5F8E300C0788A /* SpaceTests.xctest */,
				F086C32428A5F8E300C0788A /* SpaceUITests.xctest */,
			);
			name = Products;
			sourceTree = "<group>";
		};
		F086C30B28A5F8E200C0788A /* Space */ = {
			isa = PBXGroup;
			children = (
				F0967C9B28AC3BEA00C9792C /* Info.plist */,
				F0967C8A28AB950F00C9792C /* App */,
				F06EC71628AF3E49005049ED /* Extensions */,
				F0967C8B28AB952000C9792C /* Types */,
				F0967C8928AB94F100C9792C /* Views */,
				F086C31028A5F8E300C0788A /* Assets.xcassets */,
				F086C31528A5F8E300C0788A /* Space.entitlements */,
				F0967CA028AC3DDB00C9792C /* Scripts.swift */,
				F0967C9E28AC3D3800C9792C /* Terminology.sdef */,
				F086C31228A5F8E300C0788A /* Preview Content */,
			);
			path = Space;
			sourceTree = "<group>";
		};
		F086C31228A5F8E300C0788A /* Preview Content */ = {
			isa = PBXGroup;
			children = (
				F086C31328A5F8E300C0788A /* Preview Assets.xcassets */,
			);
			path = "Preview Content";
			sourceTree = "<group>";
		};
		F086C31D28A5F8E300C0788A /* SpaceTests */ = {
			isa = PBXGroup;
			children = (
				F086C31E28A5F8E300C0788A /* SpaceTests.swift */,
			);
			path = SpaceTests;
			sourceTree = "<group>";
		};
		F086C32728A5F8E300C0788A /* SpaceUITests */ = {
			isa = PBXGroup;
			children = (
				F086C32828A5F8E300C0788A /* SpaceUITests.swift */,
				F086C32A28A5F8E300C0788A /* SpaceUITestsLaunchTests.swift */,
			);
			path = SpaceUITests;
			sourceTree = "<group>";
		};
		F0967C8928AB94F100C9792C /* Views */ = {
			isa = PBXGroup;
			children = (
				F0967C9528AC19BC00C9792C /* Detail */,
				F06EC71428AF21B6005049ED /* SpaceDirectoryView.swift */,
				F0967C8728AB93DA00C9792C /* SpaceFileTree.swift */,
				F0967C9028AC17F000C9792C /* MainView.swift */,
			);
			path = Views;
			sourceTree = "<group>";
		};
		F0967C8A28AB950F00C9792C /* App */ = {
			isa = PBXGroup;
			children = (
				F086C30C28A5F8E200C0788A /* Space.swift */,
				F086C30E28A5F8E200C0788A /* ContentView.swift */,
			);
			path = App;
			sourceTree = "<group>";
		};
		F0967C8B28AB952000C9792C /* Types */ = {
			isa = PBXGroup;
			children = (
				F0967C8C28AB955900C9792C /* SpaceFile.swift */,
			);
			path = Types;
			sourceTree = "<group>";
		};
		F0967C9528AC19BC00C9792C /* Detail */ = {
			isa = PBXGroup;
			children = (
				F0967C9928AC2D8000C9792C /* DetailView.swift */,
				F0967C8528AB930500C9792C /* QuicklookDetailView.swift */,
				F0967C8E28AB965000C9792C /* WebView.swift */,
				F0C8D79328AC5EF0002E864D /* RichTextEditorView.swift */,
			);
			path = Detail;
			sourceTree = "<group>";
		};
/* End PBXGroup section */

/* Begin PBXNativeTarget section */
		F086C30828A5F8E200C0788A /* Space */ = {
			isa = PBXNativeTarget;
			buildConfigurationList = F086C32E28A5F8E300C0788A /* Build configuration list for PBXNativeTarget "Space" */;
			buildPhases = (
				F086C30528A5F8E200C0788A /* Sources */,
				F086C30628A5F8E200C0788A /* Frameworks */,
				F086C30728A5F8E200C0788A /* Resources */,
			);
			buildRules = (
			);
			dependencies = (
			);
			name = Space;
			packageProductDependencies = (
				F057CACF28B01F640013528F /* RichTextKit */,
			);
			productName = Space;
			productReference = F086C30928A5F8E200C0788A /* Space.app */;
			productType = "com.apple.product-type.application";
		};
		F086C31928A5F8E300C0788A /* SpaceTests */ = {
			isa = PBXNativeTarget;
			buildConfigurationList = F086C33128A5F8E300C0788A /* Build configuration list for PBXNativeTarget "SpaceTests" */;
			buildPhases = (
				F086C31628A5F8E300C0788A /* Sources */,
				F086C31728A5F8E300C0788A /* Frameworks */,
				F086C31828A5F8E300C0788A /* Resources */,
			);
			buildRules = (
			);
			dependencies = (
				F086C31C28A5F8E300C0788A /* PBXTargetDependency */,
			);
			name = SpaceTests;
			productName = SpaceTests;
			productReference = F086C31A28A5F8E300C0788A /* SpaceTests.xctest */;
			productType = "com.apple.product-type.bundle.unit-test";
		};
		F086C32328A5F8E300C0788A /* SpaceUITests */ = {
			isa = PBXNativeTarget;
			buildConfigurationList = F086C33428A5F8E300C0788A /* Build configuration list for PBXNativeTarget "SpaceUITests" */;
			buildPhases = (
				F086C32028A5F8E300C0788A /* Sources */,
				F086C32128A5F8E300C0788A /* Frameworks */,
				F086C32228A5F8E300C0788A /* Resources */,
			);
			buildRules = (
			);
			dependencies = (
				F086C32628A5F8E300C0788A /* PBXTargetDependency */,
			);
			name = SpaceUITests;
			productName = SpaceUITests;
			productReference = F086C32428A5F8E300C0788A /* SpaceUITests.xctest */;
			productType = "com.apple.product-type.bundle.ui-testing";
		};
/* End PBXNativeTarget section */

/* Begin PBXProject section */
		F086C30128A5F8E200C0788A /* Project object */ = {
			isa = PBXProject;
			attributes = {
				BuildIndependentTargetsInParallel = 1;
				LastSwiftUpdateCheck = 1340;
				LastUpgradeCheck = 1400;
				TargetAttributes = {
					F086C30828A5F8E200C0788A = {
						CreatedOnToolsVersion = 13.4.1;
					};
					F086C31928A5F8E300C0788A = {
						CreatedOnToolsVersion = 13.4.1;
						TestTargetID = F086C30828A5F8E200C0788A;
					};
					F086C32328A5F8E300C0788A = {
						CreatedOnToolsVersion = 13.4.1;
						TestTargetID = F086C30828A5F8E200C0788A;
					};
				};
			};
			buildConfigurationList = F086C30428A5F8E200C0788A /* Build configuration list for PBXProject "Space" */;
			compatibilityVersion = "Xcode 13.0";
			developmentRegion = en;
			hasScannedForEncodings = 0;
			knownRegions = (
				en,
				Base,
			);
			mainGroup = F086C30028A5F8E200C0788A;
			packageReferences = (
				F057CACE28B01F640013528F /* XCRemoteSwiftPackageReference "RichTextKit" */,
			);
			productRefGroup = F086C30A28A5F8E200C0788A /* Products */;
			projectDirPath = "";
			projectRoot = "";
			targets = (
				F086C30828A5F8E200C0788A /* Space */,
				F086C31928A5F8E300C0788A /* SpaceTests */,
				F086C32328A5F8E300C0788A /* SpaceUITests */,
			);
		};
/* End PBXProject section */

/* Begin PBXResourcesBuildPhase section */
		F086C30728A5F8E200C0788A /* Resources */ = {
			isa = PBXResourcesBuildPhase;
			buildActionMask = 2147483647;
			files = (
				F086C31428A5F8E300C0788A /* Preview Assets.xcassets in Resources */,
				F086C31128A5F8E300C0788A /* Assets.xcassets in Resources */,
				F0967C9F28AC3D3800C9792C /* Terminology.sdef in Resources */,
			);
			runOnlyForDeploymentPostprocessing = 0;
		};
		F086C31828A5F8E300C0788A /* Resources */ = {
			isa = PBXResourcesBuildPhase;
			buildActionMask = 2147483647;
			files = (
			);
			runOnlyForDeploymentPostprocessing = 0;
		};
		F086C32228A5F8E300C0788A /* Resources */ = {
			isa = PBXResourcesBuildPhase;
			buildActionMask = 2147483647;
			files = (
			);
			runOnlyForDeploymentPostprocessing = 0;
		};
/* End PBXResourcesBuildPhase section */

/* Begin PBXSourcesBuildPhase section */
		F086C30528A5F8E200C0788A /* Sources */ = {
			isa = PBXSourcesBuildPhase;
			buildActionMask = 2147483647;
			files = (
				F0C8D79428AC5EF0002E864D /* RichTextEditorView.swift in Sources */,
				F0967C8828AB93DA00C9792C /* SpaceFileTree.swift in Sources */,
				F0C8D7A128ACF048002E864D /* View+DoubleClick.swift in Sources */,
				F06EC71828AF55FD005049ED /* NSAttributedString+asHTML.swift in Sources */,
				F0967C8D28AB955900C9792C /* SpaceFile.swift in Sources */,
				F086C30F28A5F8E200C0788A /* ContentView.swift in Sources */,
				F0967C8F28AB965000C9792C /* WebView.swift in Sources */,
				F0967C9A28AC2D8000C9792C /* DetailView.swift in Sources */,
				F06EC71528AF21B6005049ED /* SpaceDirectoryView.swift in Sources */,
				F0967C8628AB930500C9792C /* QuicklookDetailView.swift in Sources */,
				F0388E6F28AE21760077D651 /* Binding+onChange.swift in Sources */,
				F0967C9128AC17F000C9792C /* MainView.swift in Sources */,
				F086C30D28A5F8E200C0788A /* Space.swift in Sources */,
				F0967CA128AC3DDB00C9792C /* Scripts.swift in Sources */,
			);
			runOnlyForDeploymentPostprocessing = 0;
		};
		F086C31628A5F8E300C0788A /* Sources */ = {
			isa = PBXSourcesBuildPhase;
			buildActionMask = 2147483647;
			files = (
				F086C31F28A5F8E300C0788A /* SpaceTests.swift in Sources */,
			);
			runOnlyForDeploymentPostprocessing = 0;
		};
		F086C32028A5F8E300C0788A /* Sources */ = {
			isa = PBXSourcesBuildPhase;
			buildActionMask = 2147483647;
			files = (
				F086C32928A5F8E300C0788A /* SpaceUITests.swift in Sources */,
				F086C32B28A5F8E300C0788A /* SpaceUITestsLaunchTests.swift in Sources */,
			);
			runOnlyForDeploymentPostprocessing = 0;
		};
/* End PBXSourcesBuildPhase section */

/* Begin PBXTargetDependency section */
		F086C31C28A5F8E300C0788A /* PBXTargetDependency */ = {
			isa = PBXTargetDependency;
			target = F086C30828A5F8E200C0788A /* Space */;
			targetProxy = F086C31B28A5F8E300C0788A /* PBXContainerItemProxy */;
		};
		F086C32628A5F8E300C0788A /* PBXTargetDependency */ = {
			isa = PBXTargetDependency;
			target = F086C30828A5F8E200C0788A /* Space */;
			targetProxy = F086C32528A5F8E300C0788A /* PBXContainerItemProxy */;
		};
/* End PBXTargetDependency section */

/* Begin XCBuildConfiguration section */
		F086C32C28A5F8E300C0788A /* Debug */ = {
			isa = XCBuildConfiguration;
			buildSettings = {
				ALWAYS_SEARCH_USER_PATHS = NO;
				CLANG_ANALYZER_NONNULL = YES;
				CLANG_ANALYZER_NUMBER_OBJECT_CONVERSION = YES_AGGRESSIVE;
				CLANG_CXX_LANGUAGE_STANDARD = "gnu++17";
				CLANG_ENABLE_MODULES = YES;
				CLANG_ENABLE_OBJC_ARC = YES;
				CLANG_ENABLE_OBJC_WEAK = YES;
				CLANG_WARN_BLOCK_CAPTURE_AUTORELEASING = YES;
				CLANG_WARN_BOOL_CONVERSION = YES;
				CLANG_WARN_COMMA = YES;
				CLANG_WARN_CONSTANT_CONVERSION = YES;
				CLANG_WARN_DEPRECATED_OBJC_IMPLEMENTATIONS = YES;
				CLANG_WARN_DIRECT_OBJC_ISA_USAGE = YES_ERROR;
				CLANG_WARN_DOCUMENTATION_COMMENTS = YES;
				CLANG_WARN_EMPTY_BODY = YES;
				CLANG_WARN_ENUM_CONVERSION = YES;
				CLANG_WARN_INFINITE_RECURSION = YES;
				CLANG_WARN_INT_CONVERSION = YES;
				CLANG_WARN_NON_LITERAL_NULL_CONVERSION = YES;
				CLANG_WARN_OBJC_IMPLICIT_RETAIN_SELF = YES;
				CLANG_WARN_OBJC_LITERAL_CONVERSION = YES;
				CLANG_WARN_OBJC_ROOT_CLASS = YES_ERROR;
				CLANG_WARN_QUOTED_INCLUDE_IN_FRAMEWORK_HEADER = YES;
				CLANG_WARN_RANGE_LOOP_ANALYSIS = YES;
				CLANG_WARN_STRICT_PROTOTYPES = YES;
				CLANG_WARN_SUSPICIOUS_MOVE = YES;
				CLANG_WARN_UNGUARDED_AVAILABILITY = YES_AGGRESSIVE;
				CLANG_WARN_UNREACHABLE_CODE = YES;
				CLANG_WARN__DUPLICATE_METHOD_MATCH = YES;
				COPY_PHASE_STRIP = NO;
				DEAD_CODE_STRIPPING = YES;
				DEBUG_INFORMATION_FORMAT = dwarf;
				ENABLE_STRICT_OBJC_MSGSEND = YES;
				ENABLE_TESTABILITY = YES;
				GCC_C_LANGUAGE_STANDARD = gnu11;
				GCC_DYNAMIC_NO_PIC = NO;
				GCC_NO_COMMON_BLOCKS = YES;
				GCC_OPTIMIZATION_LEVEL = 0;
				GCC_PREPROCESSOR_DEFINITIONS = (
					"DEBUG=1",
					"$(inherited)",
				);
				GCC_WARN_64_TO_32_BIT_CONVERSION = YES;
				GCC_WARN_ABOUT_RETURN_TYPE = YES_ERROR;
				GCC_WARN_UNDECLARED_SELECTOR = YES;
				GCC_WARN_UNINITIALIZED_AUTOS = YES_AGGRESSIVE;
				GCC_WARN_UNUSED_FUNCTION = YES;
				GCC_WARN_UNUSED_VARIABLE = YES;
				MACOSX_DEPLOYMENT_TARGET = 13.0;
				MTL_ENABLE_DEBUG_INFO = INCLUDE_SOURCE;
				MTL_FAST_MATH = YES;
				ONLY_ACTIVE_ARCH = YES;
				SDKROOT = macosx;
				SWIFT_ACTIVE_COMPILATION_CONDITIONS = DEBUG;
				SWIFT_OPTIMIZATION_LEVEL = "-Onone";
			};
			name = Debug;
		};
		F086C32D28A5F8E300C0788A /* Release */ = {
			isa = XCBuildConfiguration;
			buildSettings = {
				ALWAYS_SEARCH_USER_PATHS = NO;
				CLANG_ANALYZER_NONNULL = YES;
				CLANG_ANALYZER_NUMBER_OBJECT_CONVERSION = YES_AGGRESSIVE;
				CLANG_CXX_LANGUAGE_STANDARD = "gnu++17";
				CLANG_ENABLE_MODULES = YES;
				CLANG_ENABLE_OBJC_ARC = YES;
				CLANG_ENABLE_OBJC_WEAK = YES;
				CLANG_WARN_BLOCK_CAPTURE_AUTORELEASING = YES;
				CLANG_WARN_BOOL_CONVERSION = YES;
				CLANG_WARN_COMMA = YES;
				CLANG_WARN_CONSTANT_CONVERSION = YES;
				CLANG_WARN_DEPRECATED_OBJC_IMPLEMENTATIONS = YES;
				CLANG_WARN_DIRECT_OBJC_ISA_USAGE = YES_ERROR;
				CLANG_WARN_DOCUMENTATION_COMMENTS = YES;
				CLANG_WARN_EMPTY_BODY = YES;
				CLANG_WARN_ENUM_CONVERSION = YES;
				CLANG_WARN_INFINITE_RECURSION = YES;
				CLANG_WARN_INT_CONVERSION = YES;
				CLANG_WARN_NON_LITERAL_NULL_CONVERSION = YES;
				CLANG_WARN_OBJC_IMPLICIT_RETAIN_SELF = YES;
				CLANG_WARN_OBJC_LITERAL_CONVERSION = YES;
				CLANG_WARN_OBJC_ROOT_CLASS = YES_ERROR;
				CLANG_WARN_QUOTED_INCLUDE_IN_FRAMEWORK_HEADER = YES;
				CLANG_WARN_RANGE_LOOP_ANALYSIS = YES;
				CLANG_WARN_STRICT_PROTOTYPES = YES;
				CLANG_WARN_SUSPICIOUS_MOVE = YES;
				CLANG_WARN_UNGUARDED_AVAILABILITY = YES_AGGRESSIVE;
				CLANG_WARN_UNREACHABLE_CODE = YES;
				CLANG_WARN__DUPLICATE_METHOD_MATCH = YES;
				COPY_PHASE_STRIP = NO;
				DEAD_CODE_STRIPPING = YES;
				DEBUG_INFORMATION_FORMAT = "dwarf-with-dsym";
				ENABLE_NS_ASSERTIONS = NO;
				ENABLE_STRICT_OBJC_MSGSEND = YES;
				GCC_C_LANGUAGE_STANDARD = gnu11;
				GCC_NO_COMMON_BLOCKS = YES;
				GCC_WARN_64_TO_32_BIT_CONVERSION = YES;
				GCC_WARN_ABOUT_RETURN_TYPE = YES_ERROR;
				GCC_WARN_UNDECLARED_SELECTOR = YES;
				GCC_WARN_UNINITIALIZED_AUTOS = YES_AGGRESSIVE;
				GCC_WARN_UNUSED_FUNCTION = YES;
				GCC_WARN_UNUSED_VARIABLE = YES;
				MACOSX_DEPLOYMENT_TARGET = 13.0;
				MTL_ENABLE_DEBUG_INFO = NO;
				MTL_FAST_MATH = YES;
				SDKROOT = macosx;
				SWIFT_COMPILATION_MODE = wholemodule;
				SWIFT_OPTIMIZATION_LEVEL = "-O";
			};
			name = Release;
		};
		F086C32F28A5F8E300C0788A /* Debug */ = {
			isa = XCBuildConfiguration;
			buildSettings = {
				ASSETCATALOG_COMPILER_APPICON_NAME = AppIcon;
				ASSETCATALOG_COMPILER_GLOBAL_ACCENT_COLOR_NAME = AccentColor;
				ASSETCATALOG_COMPILER_INCLUDE_ALL_APPICON_ASSETS = YES;
				CODE_SIGN_ENTITLEMENTS = Space/Space.entitlements;
				CODE_SIGN_IDENTITY = "-";
				CODE_SIGN_STYLE = Automatic;
				COMBINE_HIDPI_IMAGES = YES;
				CURRENT_PROJECT_VERSION = 1;
				DEAD_CODE_STRIPPING = YES;
				DEVELOPMENT_ASSET_PATHS = "\"Space/Preview Content\"";
				DEVELOPMENT_TEAM = R2MP6EU7T3;
				ENABLE_HARDENED_RUNTIME = YES;
				ENABLE_PREVIEWS = YES;
				GENERATE_INFOPLIST_FILE = YES;
				INFOPLIST_FILE = Space/Info.plist;
				INFOPLIST_KEY_LSApplicationCategoryType = "public.app-category.productivity";
				INFOPLIST_KEY_NSHumanReadableCopyright = none;
				LD_RUNPATH_SEARCH_PATHS = (
					"$(inherited)",
					"@executable_path/../Frameworks",
				);
				MACOSX_DEPLOYMENT_TARGET = 13.0;
				MARKETING_VERSION = 1.0;
				PRODUCT_BUNDLE_IDENTIFIER = party.chee.Space;
				PRODUCT_NAME = "$(TARGET_NAME)";
				SWIFT_EMIT_LOC_STRINGS = YES;
				SWIFT_VERSION = 5.0;
			};
			name = Debug;
		};
		F086C33028A5F8E300C0788A /* Release */ = {
			isa = XCBuildConfiguration;
			buildSettings = {
				ASSETCATALOG_COMPILER_APPICON_NAME = AppIcon;
				ASSETCATALOG_COMPILER_GLOBAL_ACCENT_COLOR_NAME = AccentColor;
				ASSETCATALOG_COMPILER_INCLUDE_ALL_APPICON_ASSETS = YES;
				CODE_SIGN_ENTITLEMENTS = Space/Space.entitlements;
				CODE_SIGN_IDENTITY = "-";
				CODE_SIGN_STYLE = Automatic;
				COMBINE_HIDPI_IMAGES = YES;
				CURRENT_PROJECT_VERSION = 1;
				DEAD_CODE_STRIPPING = YES;
				DEVELOPMENT_ASSET_PATHS = "\"Space/Preview Content\"";
				DEVELOPMENT_TEAM = R2MP6EU7T3;
				ENABLE_HARDENED_RUNTIME = YES;
				ENABLE_PREVIEWS = YES;
				GENERATE_INFOPLIST_FILE = YES;
				INFOPLIST_FILE = Space/Info.plist;
				INFOPLIST_KEY_LSApplicationCategoryType = "public.app-category.productivity";
				INFOPLIST_KEY_NSHumanReadableCopyright = none;
				LD_RUNPATH_SEARCH_PATHS = (
					"$(inherited)",
					"@executable_path/../Frameworks",
				);
				MACOSX_DEPLOYMENT_TARGET = 13.0;
				MARKETING_VERSION = 1.0;
				PRODUCT_BUNDLE_IDENTIFIER = party.chee.Space;
				PRODUCT_NAME = "$(TARGET_NAME)";
				SWIFT_EMIT_LOC_STRINGS = YES;
				SWIFT_VERSION = 5.0;
			};
			name = Release;
		};
		F086C33228A5F8E300C0788A /* Debug */ = {
			isa = XCBuildConfiguration;
			buildSettings = {
				ALWAYS_EMBED_SWIFT_STANDARD_LIBRARIES = YES;
				BUNDLE_LOADER = "$(TEST_HOST)";
				CODE_SIGN_STYLE = Automatic;
				CURRENT_PROJECT_VERSION = 1;
				DEAD_CODE_STRIPPING = YES;
				DEVELOPMENT_TEAM = R2MP6EU7T3;
				GENERATE_INFOPLIST_FILE = YES;
				MACOSX_DEPLOYMENT_TARGET = 12.3;
				MARKETING_VERSION = 1.0;
				PRODUCT_BUNDLE_IDENTIFIER = party.chee.SpaceTests;
				PRODUCT_NAME = "$(TARGET_NAME)";
				SWIFT_EMIT_LOC_STRINGS = NO;
				SWIFT_VERSION = 5.0;
				TEST_HOST = "$(BUILT_PRODUCTS_DIR)/Space.app/Contents/MacOS/Space";
			};
			name = Debug;
		};
		F086C33328A5F8E300C0788A /* Release */ = {
			isa = XCBuildConfiguration;
			buildSettings = {
				ALWAYS_EMBED_SWIFT_STANDARD_LIBRARIES = YES;
				BUNDLE_LOADER = "$(TEST_HOST)";
				CODE_SIGN_STYLE = Automatic;
				CURRENT_PROJECT_VERSION = 1;
				DEAD_CODE_STRIPPING = YES;
				DEVELOPMENT_TEAM = R2MP6EU7T3;
				GENERATE_INFOPLIST_FILE = YES;
				MACOSX_DEPLOYMENT_TARGET = 12.3;
				MARKETING_VERSION = 1.0;
				PRODUCT_BUNDLE_IDENTIFIER = party.chee.SpaceTests;
				PRODUCT_NAME = "$(TARGET_NAME)";
				SWIFT_EMIT_LOC_STRINGS = NO;
				SWIFT_VERSION = 5.0;
				TEST_HOST = "$(BUILT_PRODUCTS_DIR)/Space.app/Contents/MacOS/Space";
			};
			name = Release;
		};
		F086C33528A5F8E300C0788A /* Debug */ = {
			isa = XCBuildConfiguration;
			buildSettings = {
				ALWAYS_EMBED_SWIFT_STANDARD_LIBRARIES = YES;
				CODE_SIGN_STYLE = Automatic;
				CURRENT_PROJECT_VERSION = 1;
				DEAD_CODE_STRIPPING = YES;
				DEVELOPMENT_TEAM = R2MP6EU7T3;
				GENERATE_INFOPLIST_FILE = YES;
				MARKETING_VERSION = 1.0;
				PRODUCT_BUNDLE_IDENTIFIER = party.chee.SpaceUITests;
				PRODUCT_NAME = "$(TARGET_NAME)";
				SWIFT_EMIT_LOC_STRINGS = NO;
				SWIFT_VERSION = 5.0;
				TEST_TARGET_NAME = Space;
			};
			name = Debug;
		};
		F086C33628A5F8E300C0788A /* Release */ = {
			isa = XCBuildConfiguration;
			buildSettings = {
				ALWAYS_EMBED_SWIFT_STANDARD_LIBRARIES = YES;
				CODE_SIGN_STYLE = Automatic;
				CURRENT_PROJECT_VERSION = 1;
				DEAD_CODE_STRIPPING = YES;
				DEVELOPMENT_TEAM = R2MP6EU7T3;
				GENERATE_INFOPLIST_FILE = YES;
				MARKETING_VERSION = 1.0;
				PRODUCT_BUNDLE_IDENTIFIER = party.chee.SpaceUITests;
				PRODUCT_NAME = "$(TARGET_NAME)";
				SWIFT_EMIT_LOC_STRINGS = NO;
				SWIFT_VERSION = 5.0;
				TEST_TARGET_NAME = Space;
			};
			name = Release;
		};
/* End XCBuildConfiguration section */

/* Begin XCConfigurationList section */
		F086C30428A5F8E200C0788A /* Build configuration list for PBXProject "Space" */ = {
			isa = XCConfigurationList;
			buildConfigurations = (
				F086C32C28A5F8E300C0788A /* Debug */,
				F086C32D28A5F8E300C0788A /* Release */,
			);
			defaultConfigurationIsVisible = 0;
			defaultConfigurationName = Release;
		};
		F086C32E28A5F8E300C0788A /* Build configuration list for PBXNativeTarget "Space" */ = {
			isa = XCConfigurationList;
			buildConfigurations = (
				F086C32F28A5F8E300C0788A /* Debug */,
				F086C33028A5F8E300C0788A /* Release */,
			);
			defaultConfigurationIsVisible = 0;
			defaultConfigurationName = Release;
		};
		F086C33128A5F8E300C0788A /* Build configuration list for PBXNativeTarget "SpaceTests" */ = {
			isa = XCConfigurationList;
			buildConfigurations = (
				F086C33228A5F8E300C0788A /* Debug */,
				F086C33328A5F8E300C0788A /* Release */,
			);
			defaultConfigurationIsVisible = 0;
			defaultConfigurationName = Release;
		};
		F086C33428A5F8E300C0788A /* Build configuration list for PBXNativeTarget "SpaceUITests" */ = {
			isa = XCConfigurationList;
			buildConfigurations = (
				F086C33528A5F8E300C0788A /* Debug */,
				F086C33628A5F8E300C0788A /* Release */,
			);
			defaultConfigurationIsVisible = 0;
			defaultConfigurationName = Release;
		};
/* End XCConfigurationList section */

/* Begin XCRemoteSwiftPackageReference section */
		F057CACE28B01F640013528F /* XCRemoteSwiftPackageReference "RichTextKit" */ = {
			isa = XCRemoteSwiftPackageReference;
			repositoryURL = "https://github.com/danielsaidi/RichTextKit.git";
			requirement = {
				kind = upToNextMajorVersion;
				minimumVersion = 0.1.1;
			};
		};
/* End XCRemoteSwiftPackageReference section */

/* Begin XCSwiftPackageProductDependency section */
		F057CACF28B01F640013528F /* RichTextKit */ = {
			isa = XCSwiftPackageProductDependency;
			package = F057CACE28B01F640013528F /* XCRemoteSwiftPackageReference "RichTextKit" */;
			productName = RichTextKit;
		};
/* End XCSwiftPackageProductDependency section */
	};
	rootObject = F086C30128A5F8E200C0788A /* Project object */;
}
